// !$*UTF8*$!
{
	archiveVersion = 1;
	classes = {
	};
	objectVersion = 46;
	objects = {

/* Begin PBXBuildFile section */
		C00E77C718C4F69900E5F8D9 /* EventKit.framework in Frameworks */ = {isa = PBXBuildFile; fileRef = C00E77C618C4F69900E5F8D9 /* EventKit.framework */; };
		C00E77C918C4F69F00E5F8D9 /* EventKitUI.framework in Frameworks */ = {isa = PBXBuildFile; fileRef = C00E77C818C4F69F00E5F8D9 /* EventKitUI.framework */; };
		C0245224189956EC00E898BC /* GITCategoryViewController.m in Sources */ = {isa = PBXBuildFile; fileRef = C0245223189956EC00E898BC /* GITCategoryViewController.m */; };
		C05EAC2E18BE4CDD00483B55 /* NSManagedObjectContext+FetchedObjectFromURI.m in Sources */ = {isa = PBXBuildFile; fileRef = C05EAC2D18BE4CDD00483B55 /* NSManagedObjectContext+FetchedObjectFromURI.m */; };
		C068ADCF187DE78100BDEAAF /* NSDate+Utilities.m in Sources */ = {isa = PBXBuildFile; fileRef = C068ADCE187DE78100BDEAAF /* NSDate+Utilities.m */; };
		C078C5DE17BAF34B002396E4 /* UIKit.framework in Frameworks */ = {isa = PBXBuildFile; fileRef = C078C5DD17BAF34B002396E4 /* UIKit.framework */; };
		C078C5E017BAF34B002396E4 /* Foundation.framework in Frameworks */ = {isa = PBXBuildFile; fileRef = C078C5DF17BAF34B002396E4 /* Foundation.framework */; };
		C078C5E217BAF34B002396E4 /* CoreGraphics.framework in Frameworks */ = {isa = PBXBuildFile; fileRef = C078C5E117BAF34B002396E4 /* CoreGraphics.framework */; };
		C078C5E417BAF34B002396E4 /* CoreData.framework in Frameworks */ = {isa = PBXBuildFile; fileRef = C078C5E317BAF34B002396E4 /* CoreData.framework */; };
		C078C5EA17BAF34B002396E4 /* InfoPlist.strings in Resources */ = {isa = PBXBuildFile; fileRef = C078C5E817BAF34B002396E4 /* InfoPlist.strings */; };
		C078C5EC17BAF34B002396E4 /* main.m in Sources */ = {isa = PBXBuildFile; fileRef = C078C5EB17BAF34B002396E4 /* main.m */; };
		C078C5F017BAF34B002396E4 /* GITAppDelegate.m in Sources */ = {isa = PBXBuildFile; fileRef = C078C5EF17BAF34B002396E4 /* GITAppDelegate.m */; };
		C078C5F217BAF34B002396E4 /* Default.png in Resources */ = {isa = PBXBuildFile; fileRef = C078C5F117BAF34B002396E4 /* Default.png */; };
		C078C5F417BAF34B002396E4 /* Default@2x.png in Resources */ = {isa = PBXBuildFile; fileRef = C078C5F317BAF34B002396E4 /* Default@2x.png */; };
		C078C5F617BAF34B002396E4 /* Default-568h@2x.png in Resources */ = {isa = PBXBuildFile; fileRef = C078C5F517BAF34B002396E4 /* Default-568h@2x.png */; };
		C078C63017CD22CB002396E4 /* TSQCalendarCell.m in Sources */ = {isa = PBXBuildFile; fileRef = C078C62917CD22CB002396E4 /* TSQCalendarCell.m */; };
		C078C63117CD22CB002396E4 /* TSQCalendarMonthHeaderCell.m in Sources */ = {isa = PBXBuildFile; fileRef = C078C62B17CD22CB002396E4 /* TSQCalendarMonthHeaderCell.m */; };
		C078C63217CD22CB002396E4 /* TSQCalendarRowCell.m in Sources */ = {isa = PBXBuildFile; fileRef = C078C62D17CD22CB002396E4 /* TSQCalendarRowCell.m */; };
		C078C63317CD22CB002396E4 /* TSQCalendarView.m in Sources */ = {isa = PBXBuildFile; fileRef = C078C62F17CD22CB002396E4 /* TSQCalendarView.m */; };
		C078C63B17CD2331002396E4 /* GITCalendarDayViewController.m in Sources */ = {isa = PBXBuildFile; fileRef = C078C63617CD2331002396E4 /* GITCalendarDayViewController.m */; };
		C078C63D17CD2331002396E4 /* GITCalendarViewController.m in Sources */ = {isa = PBXBuildFile; fileRef = C078C63A17CD2331002396E4 /* GITCalendarViewController.m */; };
		C078C64B17CEB574002396E4 /* GetItDone.xcdatamodeld in Sources */ = {isa = PBXBuildFile; fileRef = C078C64917CEB574002396E4 /* GetItDone.xcdatamodeld */; };
		C089C7DD18A94B4200B00D5D /* GITManualTaskViewController.m in Sources */ = {isa = PBXBuildFile; fileRef = C089C7DC18A94B4200B00D5D /* GITManualTaskViewController.m */; };
		C089C7E418B26DDC00B00D5D /* XCTest.framework in Frameworks */ = {isa = PBXBuildFile; fileRef = C089C7E318B26DDC00B00D5D /* XCTest.framework */; };
		C089C7E518B26DDC00B00D5D /* Foundation.framework in Frameworks */ = {isa = PBXBuildFile; fileRef = C078C5DF17BAF34B002396E4 /* Foundation.framework */; };
		C089C7E618B26DDC00B00D5D /* UIKit.framework in Frameworks */ = {isa = PBXBuildFile; fileRef = C078C5DD17BAF34B002396E4 /* UIKit.framework */; };
		C089C7EC18B26DDD00B00D5D /* InfoPlist.strings in Resources */ = {isa = PBXBuildFile; fileRef = C089C7EA18B26DDD00B00D5D /* InfoPlist.strings */; };
		C089C81E18B6529400B00D5D /* GITAppointmentManagerTests.m in Sources */ = {isa = PBXBuildFile; fileRef = C089C81D18B6529400B00D5D /* GITAppointmentManagerTests.m */; };
		C089C82718B6884800B00D5D /* GITTaskManagerTests.m in Sources */ = {isa = PBXBuildFile; fileRef = C089C82618B6884800B00D5D /* GITTaskManagerTests.m */; };
		C089C82918B7B25700B00D5D /* GITCategoryManagerTests.m in Sources */ = {isa = PBXBuildFile; fileRef = C089C82818B7B25700B00D5D /* GITCategoryManagerTests.m */; };
		C089C82E18B7D63600B00D5D /* GITTimeSlotManagerTests.m in Sources */ = {isa = PBXBuildFile; fileRef = C089C82D18B7D63600B00D5D /* GITTimeSlotManagerTests.m */; };
		C08E2DBF17F375CB00749D8D /* GITDatabaseHelper.m in Sources */ = {isa = PBXBuildFile; fileRef = C08E2DBE17F375CB00749D8D /* GITDatabaseHelper.m */; };
		C08E2DC61800CCF100749D8D /* MainStoryboard.storyboard in Resources */ = {isa = PBXBuildFile; fileRef = C08E2DC41800CCF100749D8D /* MainStoryboard.storyboard */; };
		C09FED8718C786A200AFB0D2 /* GITEvent.m in Sources */ = {isa = PBXBuildFile; fileRef = C09FED8618C786A200AFB0D2 /* GITEvent.m */; };
		C09FED8A18C786A200AFB0D2 /* GITTimeSlot.m in Sources */ = {isa = PBXBuildFile; fileRef = C09FED8918C786A200AFB0D2 /* GITTimeSlot.m */; };
		C09FED8D18C786A200AFB0D2 /* GITAppointment.m in Sources */ = {isa = PBXBuildFile; fileRef = C09FED8C18C786A200AFB0D2 /* GITAppointment.m */; };
		C09FED9018C786A200AFB0D2 /* GITTask.m in Sources */ = {isa = PBXBuildFile; fileRef = C09FED8F18C786A200AFB0D2 /* GITTask.m */; };
		C09FED9318C786A300AFB0D2 /* GITCategory.m in Sources */ = {isa = PBXBuildFile; fileRef = C09FED9218C786A300AFB0D2 /* GITCategory.m */; };
		C0A0C5CB189DCF48008CB238 /* GITButtonCell.m in Sources */ = {isa = PBXBuildFile; fileRef = C0A0C5CA189DCF48008CB238 /* GITButtonCell.m */; };
		C0A81944182C25DB00A8BFD0 /* GITAddTaskViewController.m in Sources */ = {isa = PBXBuildFile; fileRef = C0A81943182C25DB00A8BFD0 /* GITAddTaskViewController.m */; };
		C0A8194A182C25E900A8BFD0 /* GITEventDetailsViewController.m in Sources */ = {isa = PBXBuildFile; fileRef = C0A81948182C25E900A8BFD0 /* GITEventDetailsViewController.m */; };
		C0B4FDC0187EFE5E00BA9363 /* GITSmartSchedulingViewController.m in Sources */ = {isa = PBXBuildFile; fileRef = C0B4FDBF187EFE5E00BA9363 /* GITSmartSchedulingViewController.m */; };
		C0B4FDC6187F068E00BA9363 /* GITAppointmentManager.m in Sources */ = {isa = PBXBuildFile; fileRef = C0B4FDC5187F068E00BA9363 /* GITAppointmentManager.m */; };
		C0B4FDC9187F2B4B00BA9363 /* GITTaskManager.m in Sources */ = {isa = PBXBuildFile; fileRef = C0B4FDC8187F2B4B00BA9363 /* GITTaskManager.m */; };
		C0B4FDCF1887019400BA9363 /* GITSetUpDatabase.m in Sources */ = {isa = PBXBuildFile; fileRef = C0B4FDCE1887019400BA9363 /* GITSetUpDatabase.m */; };
		C0B4FDD21887025000BA9363 /* GITCategoryManager.m in Sources */ = {isa = PBXBuildFile; fileRef = C0B4FDD11887024F00BA9363 /* GITCategoryManager.m */; };
		C0B4FDDE1888771A00BA9363 /* GITTimeSlotTableViewController.m in Sources */ = {isa = PBXBuildFile; fileRef = C0B4FDDD1888771A00BA9363 /* GITTimeSlotTableViewController.m */; };
		C0B4FDE41892FE2000BA9363 /* GITTimeSlotManager.m in Sources */ = {isa = PBXBuildFile; fileRef = C0B4FDE31892FE2000BA9363 /* GITTimeSlotManager.m */; };
		C0DE536918CE153E004F14EF /* GITEKEventManager.m in Sources */ = {isa = PBXBuildFile; fileRef = C0DE536818CE153E004F14EF /* GITEKEventManager.m */; };
		C0DF52C61816CC46008BB7D0 /* GITAddAppointmentViewController.m in Sources */ = {isa = PBXBuildFile; fileRef = C0DF52C31816CC46008BB7D0 /* GITAddAppointmentViewController.m */; };
/* End PBXBuildFile section */

/* Begin PBXContainerItemProxy section */
		C089C7F018B26DDD00B00D5D /* PBXContainerItemProxy */ = {
			isa = PBXContainerItemProxy;
			containerPortal = C078C5D217BAF34B002396E4 /* Project object */;
			proxyType = 1;
			remoteGlobalIDString = C078C5D917BAF34B002396E4;
			remoteInfo = GetItDone;
		};
/* End PBXContainerItemProxy section */

/* Begin PBXFileReference section */
		C00E77C618C4F69900E5F8D9 /* EventKit.framework */ = {isa = PBXFileReference; lastKnownFileType = wrapper.framework; name = EventKit.framework; path = System/Library/Frameworks/EventKit.framework; sourceTree = SDKROOT; };
		C00E77C818C4F69F00E5F8D9 /* EventKitUI.framework */ = {isa = PBXFileReference; lastKnownFileType = wrapper.framework; name = EventKitUI.framework; path = System/Library/Frameworks/EventKitUI.framework; sourceTree = SDKROOT; };
		C0245222189956EC00E898BC /* GITCategoryViewController.h */ = {isa = PBXFileReference; fileEncoding = 4; lastKnownFileType = sourcecode.c.h; name = GITCategoryViewController.h; path = Events/Task/GITCategoryViewController.h; sourceTree = "<group>"; };
		C0245223189956EC00E898BC /* GITCategoryViewController.m */ = {isa = PBXFileReference; fileEncoding = 4; lastKnownFileType = sourcecode.c.objc; name = GITCategoryViewController.m; path = Events/Task/GITCategoryViewController.m; sourceTree = "<group>"; };
		C05EAC2C18BE4CDD00483B55 /* NSManagedObjectContext+FetchedObjectFromURI.h */ = {isa = PBXFileReference; fileEncoding = 4; lastKnownFileType = sourcecode.c.h; name = "NSManagedObjectContext+FetchedObjectFromURI.h"; path = "Utilities/NSManagedObjectContext+FetchedObjectFromURI.h"; sourceTree = "<group>"; };
		C05EAC2D18BE4CDD00483B55 /* NSManagedObjectContext+FetchedObjectFromURI.m */ = {isa = PBXFileReference; fileEncoding = 4; lastKnownFileType = sourcecode.c.objc; name = "NSManagedObjectContext+FetchedObjectFromURI.m"; path = "Utilities/NSManagedObjectContext+FetchedObjectFromURI.m"; sourceTree = "<group>"; };
		C068ADCD187DE78100BDEAAF /* NSDate+Utilities.h */ = {isa = PBXFileReference; fileEncoding = 4; lastKnownFileType = sourcecode.c.h; name = "NSDate+Utilities.h"; path = "Utilities/NSDate+Utilities.h"; sourceTree = "<group>"; };
		C068ADCE187DE78100BDEAAF /* NSDate+Utilities.m */ = {isa = PBXFileReference; fileEncoding = 4; lastKnownFileType = sourcecode.c.objc; name = "NSDate+Utilities.m"; path = "Utilities/NSDate+Utilities.m"; sourceTree = "<group>"; };
		C078C5DA17BAF34B002396E4 /* GetItDone.app */ = {isa = PBXFileReference; explicitFileType = wrapper.application; includeInIndex = 0; path = GetItDone.app; sourceTree = BUILT_PRODUCTS_DIR; };
		C078C5DD17BAF34B002396E4 /* UIKit.framework */ = {isa = PBXFileReference; lastKnownFileType = wrapper.framework; name = UIKit.framework; path = System/Library/Frameworks/UIKit.framework; sourceTree = SDKROOT; };
		C078C5DF17BAF34B002396E4 /* Foundation.framework */ = {isa = PBXFileReference; lastKnownFileType = wrapper.framework; name = Foundation.framework; path = System/Library/Frameworks/Foundation.framework; sourceTree = SDKROOT; };
		C078C5E117BAF34B002396E4 /* CoreGraphics.framework */ = {isa = PBXFileReference; lastKnownFileType = wrapper.framework; name = CoreGraphics.framework; path = System/Library/Frameworks/CoreGraphics.framework; sourceTree = SDKROOT; };
		C078C5E317BAF34B002396E4 /* CoreData.framework */ = {isa = PBXFileReference; lastKnownFileType = wrapper.framework; name = CoreData.framework; path = System/Library/Frameworks/CoreData.framework; sourceTree = SDKROOT; };
		C078C5E717BAF34B002396E4 /* GetItDone-Info.plist */ = {isa = PBXFileReference; lastKnownFileType = text.plist.xml; path = "GetItDone-Info.plist"; sourceTree = "<group>"; };
		C078C5E917BAF34B002396E4 /* en */ = {isa = PBXFileReference; lastKnownFileType = text.plist.strings; name = en; path = en.lproj/InfoPlist.strings; sourceTree = "<group>"; };
		C078C5EB17BAF34B002396E4 /* main.m */ = {isa = PBXFileReference; lastKnownFileType = sourcecode.c.objc; path = main.m; sourceTree = "<group>"; };
		C078C5ED17BAF34B002396E4 /* GetItDone-Prefix.pch */ = {isa = PBXFileReference; lastKnownFileType = sourcecode.c.h; path = "GetItDone-Prefix.pch"; sourceTree = "<group>"; };
		C078C5EE17BAF34B002396E4 /* GITAppDelegate.h */ = {isa = PBXFileReference; lastKnownFileType = sourcecode.c.h; path = GITAppDelegate.h; sourceTree = "<group>"; };
		C078C5EF17BAF34B002396E4 /* GITAppDelegate.m */ = {isa = PBXFileReference; lastKnownFileType = sourcecode.c.objc; path = GITAppDelegate.m; sourceTree = "<group>"; };
		C078C5F117BAF34B002396E4 /* Default.png */ = {isa = PBXFileReference; lastKnownFileType = image.png; path = Default.png; sourceTree = "<group>"; };
		C078C5F317BAF34B002396E4 /* Default@2x.png */ = {isa = PBXFileReference; lastKnownFileType = image.png; path = "Default@2x.png"; sourceTree = "<group>"; };
		C078C5F517BAF34B002396E4 /* Default-568h@2x.png */ = {isa = PBXFileReference; lastKnownFileType = image.png; path = "Default-568h@2x.png"; sourceTree = "<group>"; };
		C078C60917BAF34C002396E4 /* SenTestingKit.framework */ = {isa = PBXFileReference; lastKnownFileType = wrapper.framework; name = SenTestingKit.framework; path = Library/Frameworks/SenTestingKit.framework; sourceTree = DEVELOPER_DIR; };
		C078C62617CD22CB002396E4 /* TimesSquare-Prefix.pch */ = {isa = PBXFileReference; fileEncoding = 4; lastKnownFileType = sourcecode.c.h; path = "TimesSquare-Prefix.pch"; sourceTree = "<group>"; };
		C078C62717CD22CB002396E4 /* TimesSquare.h */ = {isa = PBXFileReference; fileEncoding = 4; lastKnownFileType = sourcecode.c.h; path = TimesSquare.h; sourceTree = "<group>"; };
		C078C62817CD22CB002396E4 /* TSQCalendarCell.h */ = {isa = PBXFileReference; fileEncoding = 4; lastKnownFileType = sourcecode.c.h; path = TSQCalendarCell.h; sourceTree = "<group>"; };
		C078C62917CD22CB002396E4 /* TSQCalendarCell.m */ = {isa = PBXFileReference; fileEncoding = 4; lastKnownFileType = sourcecode.c.objc; path = TSQCalendarCell.m; sourceTree = "<group>"; };
		C078C62A17CD22CB002396E4 /* TSQCalendarMonthHeaderCell.h */ = {isa = PBXFileReference; fileEncoding = 4; lastKnownFileType = sourcecode.c.h; path = TSQCalendarMonthHeaderCell.h; sourceTree = "<group>"; };
		C078C62B17CD22CB002396E4 /* TSQCalendarMonthHeaderCell.m */ = {isa = PBXFileReference; fileEncoding = 4; lastKnownFileType = sourcecode.c.objc; path = TSQCalendarMonthHeaderCell.m; sourceTree = "<group>"; };
		C078C62C17CD22CB002396E4 /* TSQCalendarRowCell.h */ = {isa = PBXFileReference; fileEncoding = 4; lastKnownFileType = sourcecode.c.h; path = TSQCalendarRowCell.h; sourceTree = "<group>"; };
		C078C62D17CD22CB002396E4 /* TSQCalendarRowCell.m */ = {isa = PBXFileReference; fileEncoding = 4; lastKnownFileType = sourcecode.c.objc; path = TSQCalendarRowCell.m; sourceTree = "<group>"; };
		C078C62E17CD22CB002396E4 /* TSQCalendarView.h */ = {isa = PBXFileReference; fileEncoding = 4; lastKnownFileType = sourcecode.c.h; path = TSQCalendarView.h; sourceTree = "<group>"; };
		C078C62F17CD22CB002396E4 /* TSQCalendarView.m */ = {isa = PBXFileReference; fileEncoding = 4; lastKnownFileType = sourcecode.c.objc; path = TSQCalendarView.m; sourceTree = "<group>"; };
		C078C63517CD2331002396E4 /* GITCalendarDayViewController.h */ = {isa = PBXFileReference; fileEncoding = 4; lastKnownFileType = sourcecode.c.h; path = GITCalendarDayViewController.h; sourceTree = "<group>"; };
		C078C63617CD2331002396E4 /* GITCalendarDayViewController.m */ = {isa = PBXFileReference; fileEncoding = 4; lastKnownFileType = sourcecode.c.objc; path = GITCalendarDayViewController.m; sourceTree = "<group>"; };
		C078C63917CD2331002396E4 /* GITCalendarViewController.h */ = {isa = PBXFileReference; fileEncoding = 4; lastKnownFileType = sourcecode.c.h; path = GITCalendarViewController.h; sourceTree = "<group>"; };
		C078C63A17CD2331002396E4 /* GITCalendarViewController.m */ = {isa = PBXFileReference; fileEncoding = 4; lastKnownFileType = sourcecode.c.objc; path = GITCalendarViewController.m; sourceTree = "<group>"; };
		C078C64A17CEB574002396E4 /* GetItDone.xcdatamodel */ = {isa = PBXFileReference; lastKnownFileType = wrapper.xcdatamodel; path = GetItDone.xcdatamodel; sourceTree = "<group>"; };
		C089C7DB18A94B4200B00D5D /* GITManualTaskViewController.h */ = {isa = PBXFileReference; fileEncoding = 4; lastKnownFileType = sourcecode.c.h; name = GITManualTaskViewController.h; path = Events/Task/GITManualTaskViewController.h; sourceTree = "<group>"; };
		C089C7DC18A94B4200B00D5D /* GITManualTaskViewController.m */ = {isa = PBXFileReference; fileEncoding = 4; lastKnownFileType = sourcecode.c.objc; name = GITManualTaskViewController.m; path = Events/Task/GITManualTaskViewController.m; sourceTree = "<group>"; };
		C089C7E218B26DDC00B00D5D /* GetItDone Tests.xctest */ = {isa = PBXFileReference; explicitFileType = wrapper.cfbundle; includeInIndex = 0; path = "GetItDone Tests.xctest"; sourceTree = BUILT_PRODUCTS_DIR; };
		C089C7E318B26DDC00B00D5D /* XCTest.framework */ = {isa = PBXFileReference; lastKnownFileType = wrapper.framework; name = XCTest.framework; path = Library/Frameworks/XCTest.framework; sourceTree = DEVELOPER_DIR; };
		C089C7E918B26DDC00B00D5D /* GetItDone Tests-Info.plist */ = {isa = PBXFileReference; lastKnownFileType = text.plist.xml; path = "GetItDone Tests-Info.plist"; sourceTree = "<group>"; };
		C089C7EB18B26DDD00B00D5D /* en */ = {isa = PBXFileReference; lastKnownFileType = text.plist.strings; name = en; path = en.lproj/InfoPlist.strings; sourceTree = "<group>"; };
		C089C7EF18B26DDD00B00D5D /* GetItDone Tests-Prefix.pch */ = {isa = PBXFileReference; lastKnownFileType = sourcecode.c.h; path = "GetItDone Tests-Prefix.pch"; sourceTree = "<group>"; };
		C089C81D18B6529400B00D5D /* GITAppointmentManagerTests.m */ = {isa = PBXFileReference; fileEncoding = 4; lastKnownFileType = sourcecode.c.objc; path = GITAppointmentManagerTests.m; sourceTree = "<group>"; };
		C089C82318B6582600B00D5D /* GITDatabaseHelper+Private.h */ = {isa = PBXFileReference; fileEncoding = 4; lastKnownFileType = sourcecode.c.h; name = "GITDatabaseHelper+Private.h"; path = "Private Headers/GITDatabaseHelper+Private.h"; sourceTree = "<group>"; };
		C089C82618B6884800B00D5D /* GITTaskManagerTests.m */ = {isa = PBXFileReference; fileEncoding = 4; lastKnownFileType = sourcecode.c.objc; path = GITTaskManagerTests.m; sourceTree = "<group>"; };
		C089C82818B7B25700B00D5D /* GITCategoryManagerTests.m */ = {isa = PBXFileReference; fileEncoding = 4; lastKnownFileType = sourcecode.c.objc; path = GITCategoryManagerTests.m; sourceTree = "<group>"; };
		C089C82D18B7D63600B00D5D /* GITTimeSlotManagerTests.m */ = {isa = PBXFileReference; fileEncoding = 4; lastKnownFileType = sourcecode.c.objc; path = GITTimeSlotManagerTests.m; sourceTree = "<group>"; };
		C089C82F18B7E2B700B00D5D /* GITTimeSlotManager+Private.h */ = {isa = PBXFileReference; fileEncoding = 4; lastKnownFileType = sourcecode.c.h; name = "GITTimeSlotManager+Private.h"; path = "Private Headers/GITTimeSlotManager+Private.h"; sourceTree = "<group>"; };
		C08E2DBD17F375CB00749D8D /* GITDatabaseHelper.h */ = {isa = PBXFileReference; fileEncoding = 4; lastKnownFileType = sourcecode.c.h; name = GITDatabaseHelper.h; path = Database/GITDatabaseHelper.h; sourceTree = "<group>"; };
		C08E2DBE17F375CB00749D8D /* GITDatabaseHelper.m */ = {isa = PBXFileReference; fileEncoding = 4; lastKnownFileType = sourcecode.c.objc; name = GITDatabaseHelper.m; path = Database/GITDatabaseHelper.m; sourceTree = "<group>"; };
		C08E2DC01800A47100749D8D /* GITSegueDefinitions.h */ = {isa = PBXFileReference; fileEncoding = 4; lastKnownFileType = sourcecode.c.h; name = GITSegueDefinitions.h; path = Definitions/GITSegueDefinitions.h; sourceTree = "<group>"; };
		C08E2DC51800CCF100749D8D /* en */ = {isa = PBXFileReference; lastKnownFileType = file.storyboard; name = en; path = GetItDone/en.lproj/MainStoryboard.storyboard; sourceTree = "<group>"; };
		C09FED8518C786A200AFB0D2 /* GITEvent.h */ = {isa = PBXFileReference; fileEncoding = 4; lastKnownFileType = sourcecode.c.h; name = GITEvent.h; path = Database/Model/GITEvent.h; sourceTree = "<group>"; };
		C09FED8618C786A200AFB0D2 /* GITEvent.m */ = {isa = PBXFileReference; fileEncoding = 4; lastKnownFileType = sourcecode.c.objc; name = GITEvent.m; path = Database/Model/GITEvent.m; sourceTree = "<group>"; };
		C09FED8818C786A200AFB0D2 /* GITTimeSlot.h */ = {isa = PBXFileReference; fileEncoding = 4; lastKnownFileType = sourcecode.c.h; name = GITTimeSlot.h; path = Database/Model/GITTimeSlot.h; sourceTree = "<group>"; };
		C09FED8918C786A200AFB0D2 /* GITTimeSlot.m */ = {isa = PBXFileReference; fileEncoding = 4; lastKnownFileType = sourcecode.c.objc; name = GITTimeSlot.m; path = Database/Model/GITTimeSlot.m; sourceTree = "<group>"; };
		C09FED8B18C786A200AFB0D2 /* GITAppointment.h */ = {isa = PBXFileReference; fileEncoding = 4; lastKnownFileType = sourcecode.c.h; name = GITAppointment.h; path = Database/Model/GITAppointment.h; sourceTree = "<group>"; };
		C09FED8C18C786A200AFB0D2 /* GITAppointment.m */ = {isa = PBXFileReference; fileEncoding = 4; lastKnownFileType = sourcecode.c.objc; name = GITAppointment.m; path = Database/Model/GITAppointment.m; sourceTree = "<group>"; };
		C09FED8E18C786A200AFB0D2 /* GITTask.h */ = {isa = PBXFileReference; fileEncoding = 4; lastKnownFileType = sourcecode.c.h; name = GITTask.h; path = Database/Model/GITTask.h; sourceTree = "<group>"; };
		C09FED8F18C786A200AFB0D2 /* GITTask.m */ = {isa = PBXFileReference; fileEncoding = 4; lastKnownFileType = sourcecode.c.objc; name = GITTask.m; path = Database/Model/GITTask.m; sourceTree = "<group>"; };
		C09FED9118C786A300AFB0D2 /* GITCategory.h */ = {isa = PBXFileReference; fileEncoding = 4; lastKnownFileType = sourcecode.c.h; name = GITCategory.h; path = Database/Model/GITCategory.h; sourceTree = "<group>"; };
		C09FED9218C786A300AFB0D2 /* GITCategory.m */ = {isa = PBXFileReference; fileEncoding = 4; lastKnownFileType = sourcecode.c.objc; name = GITCategory.m; path = Database/Model/GITCategory.m; sourceTree = "<group>"; };
		C0A0C5C9189DCF48008CB238 /* GITButtonCell.h */ = {isa = PBXFileReference; fileEncoding = 4; lastKnownFileType = sourcecode.c.h; name = GITButtonCell.h; path = Events/Task/GITButtonCell.h; sourceTree = "<group>"; };
		C0A0C5CA189DCF48008CB238 /* GITButtonCell.m */ = {isa = PBXFileReference; fileEncoding = 4; lastKnownFileType = sourcecode.c.objc; name = GITButtonCell.m; path = Events/Task/GITButtonCell.m; sourceTree = "<group>"; };
		C0A81942182C25DB00A8BFD0 /* GITAddTaskViewController.h */ = {isa = PBXFileReference; fileEncoding = 4; lastKnownFileType = sourcecode.c.h; name = GITAddTaskViewController.h; path = Events/Task/GITAddTaskViewController.h; sourceTree = "<group>"; };
		C0A81943182C25DB00A8BFD0 /* GITAddTaskViewController.m */ = {isa = PBXFileReference; fileEncoding = 4; lastKnownFileType = sourcecode.c.objc; name = GITAddTaskViewController.m; path = Events/Task/GITAddTaskViewController.m; sourceTree = "<group>"; };
		C0A81947182C25E900A8BFD0 /* GITEventDetailsViewController.h */ = {isa = PBXFileReference; fileEncoding = 4; lastKnownFileType = sourcecode.c.h; name = GITEventDetailsViewController.h; path = Events/GITEventDetailsViewController.h; sourceTree = "<group>"; };
		C0A81948182C25E900A8BFD0 /* GITEventDetailsViewController.m */ = {isa = PBXFileReference; fileEncoding = 4; lastKnownFileType = sourcecode.c.objc; name = GITEventDetailsViewController.m; path = Events/GITEventDetailsViewController.m; sourceTree = "<group>"; };
		C0B4FDBE187EFE5E00BA9363 /* GITSmartSchedulingViewController.h */ = {isa = PBXFileReference; fileEncoding = 4; lastKnownFileType = sourcecode.c.h; name = GITSmartSchedulingViewController.h; path = Events/Task/GITSmartSchedulingViewController.h; sourceTree = "<group>"; };
		C0B4FDBF187EFE5E00BA9363 /* GITSmartSchedulingViewController.m */ = {isa = PBXFileReference; fileEncoding = 4; lastKnownFileType = sourcecode.c.objc; name = GITSmartSchedulingViewController.m; path = Events/Task/GITSmartSchedulingViewController.m; sourceTree = "<group>"; };
		C0B4FDC4187F068E00BA9363 /* GITAppointmentManager.h */ = {isa = PBXFileReference; fileEncoding = 4; lastKnownFileType = sourcecode.c.h; name = GITAppointmentManager.h; path = "Database/Entity Managers/GITAppointmentManager.h"; sourceTree = "<group>"; };
		C0B4FDC5187F068E00BA9363 /* GITAppointmentManager.m */ = {isa = PBXFileReference; fileEncoding = 4; lastKnownFileType = sourcecode.c.objc; name = GITAppointmentManager.m; path = "Database/Entity Managers/GITAppointmentManager.m"; sourceTree = "<group>"; };
		C0B4FDC7187F2B4B00BA9363 /* GITTaskManager.h */ = {isa = PBXFileReference; fileEncoding = 4; lastKnownFileType = sourcecode.c.h; name = GITTaskManager.h; path = "Database/Entity Managers/GITTaskManager.h"; sourceTree = "<group>"; };
		C0B4FDC8187F2B4B00BA9363 /* GITTaskManager.m */ = {isa = PBXFileReference; fileEncoding = 4; lastKnownFileType = sourcecode.c.objc; name = GITTaskManager.m; path = "Database/Entity Managers/GITTaskManager.m"; sourceTree = "<group>"; };
		C0B4FDCD1887019400BA9363 /* GITSetUpDatabase.h */ = {isa = PBXFileReference; fileEncoding = 4; lastKnownFileType = sourcecode.c.h; name = GITSetUpDatabase.h; path = Database/GITSetUpDatabase.h; sourceTree = "<group>"; };
		C0B4FDCE1887019400BA9363 /* GITSetUpDatabase.m */ = {isa = PBXFileReference; fileEncoding = 4; lastKnownFileType = sourcecode.c.objc; name = GITSetUpDatabase.m; path = Database/GITSetUpDatabase.m; sourceTree = "<group>"; };
		C0B4FDD01887024F00BA9363 /* GITCategoryManager.h */ = {isa = PBXFileReference; fileEncoding = 4; lastKnownFileType = sourcecode.c.h; name = GITCategoryManager.h; path = "Database/Entity Managers/GITCategoryManager.h"; sourceTree = "<group>"; };
		C0B4FDD11887024F00BA9363 /* GITCategoryManager.m */ = {isa = PBXFileReference; fileEncoding = 4; lastKnownFileType = sourcecode.c.objc; name = GITCategoryManager.m; path = "Database/Entity Managers/GITCategoryManager.m"; sourceTree = "<group>"; };
		C0B4FDDC1888771A00BA9363 /* GITTimeSlotTableViewController.h */ = {isa = PBXFileReference; fileEncoding = 4; lastKnownFileType = sourcecode.c.h; name = GITTimeSlotTableViewController.h; path = Events/Task/GITTimeSlotTableViewController.h; sourceTree = "<group>"; };
		C0B4FDDD1888771A00BA9363 /* GITTimeSlotTableViewController.m */ = {isa = PBXFileReference; fileEncoding = 4; lastKnownFileType = sourcecode.c.objc; name = GITTimeSlotTableViewController.m; path = Events/Task/GITTimeSlotTableViewController.m; sourceTree = "<group>"; };
		C0B4FDE21892FE2000BA9363 /* GITTimeSlotManager.h */ = {isa = PBXFileReference; fileEncoding = 4; lastKnownFileType = sourcecode.c.h; name = GITTimeSlotManager.h; path = "Database/Entity Managers/GITTimeSlotManager.h"; sourceTree = "<group>"; };
		C0B4FDE31892FE2000BA9363 /* GITTimeSlotManager.m */ = {isa = PBXFileReference; fileEncoding = 4; lastKnownFileType = sourcecode.c.objc; name = GITTimeSlotManager.m; path = "Database/Entity Managers/GITTimeSlotManager.m"; sourceTree = "<group>"; };
		C0CC4E541803378000998788 /* GITProjectConstants.h */ = {isa = PBXFileReference; fileEncoding = 4; lastKnownFileType = sourcecode.c.h; name = GITProjectConstants.h; path = Definitions/GITProjectConstants.h; sourceTree = "<group>"; };
		C0DE536718CE153E004F14EF /* GITEKEventManager.h */ = {isa = PBXFileReference; fileEncoding = 4; lastKnownFileType = sourcecode.c.h; name = GITEKEventManager.h; path = "Database/Entity Managers/GITEKEventManager.h"; sourceTree = "<group>"; };
		C0DE536818CE153E004F14EF /* GITEKEventManager.m */ = {isa = PBXFileReference; fileEncoding = 4; lastKnownFileType = sourcecode.c.objc; name = GITEKEventManager.m; path = "Database/Entity Managers/GITEKEventManager.m"; sourceTree = "<group>"; };
		C0DF52C21816CC46008BB7D0 /* GITAddAppointmentViewController.h */ = {isa = PBXFileReference; fileEncoding = 4; lastKnownFileType = sourcecode.c.h; name = GITAddAppointmentViewController.h; path = Events/Appointment/GITAddAppointmentViewController.h; sourceTree = "<group>"; };
		C0DF52C31816CC46008BB7D0 /* GITAddAppointmentViewController.m */ = {isa = PBXFileReference; fileEncoding = 4; lastKnownFileType = sourcecode.c.objc; name = GITAddAppointmentViewController.m; path = Events/Appointment/GITAddAppointmentViewController.m; sourceTree = "<group>"; };
/* End PBXFileReference section */

/* Begin PBXFrameworksBuildPhase section */
		C078C5D717BAF34B002396E4 /* Frameworks */ = {
			isa = PBXFrameworksBuildPhase;
			buildActionMask = 2147483647;
			files = (
				C00E77C918C4F69F00E5F8D9 /* EventKitUI.framework in Frameworks */,
				C00E77C718C4F69900E5F8D9 /* EventKit.framework in Frameworks */,
				C078C5DE17BAF34B002396E4 /* UIKit.framework in Frameworks */,
				C078C5E017BAF34B002396E4 /* Foundation.framework in Frameworks */,
				C078C5E217BAF34B002396E4 /* CoreGraphics.framework in Frameworks */,
				C078C5E417BAF34B002396E4 /* CoreData.framework in Frameworks */,
			);
			runOnlyForDeploymentPostprocessing = 0;
		};
		C089C7DF18B26DDC00B00D5D /* Frameworks */ = {
			isa = PBXFrameworksBuildPhase;
			buildActionMask = 2147483647;
			files = (
				C089C7E418B26DDC00B00D5D /* XCTest.framework in Frameworks */,
				C089C7E618B26DDC00B00D5D /* UIKit.framework in Frameworks */,
				C089C7E518B26DDC00B00D5D /* Foundation.framework in Frameworks */,
			);
			runOnlyForDeploymentPostprocessing = 0;
		};
/* End PBXFrameworksBuildPhase section */

/* Begin PBXGroup section */
		C068ADCB187DE6E800BDEAAF /* Entity Managers */ = {
			isa = PBXGroup;
			children = (
				C0B4FDC4187F068E00BA9363 /* GITAppointmentManager.h */,
				C0B4FDC5187F068E00BA9363 /* GITAppointmentManager.m */,
				C0B4FDC7187F2B4B00BA9363 /* GITTaskManager.h */,
				C0B4FDC8187F2B4B00BA9363 /* GITTaskManager.m */,
				C0B4FDD01887024F00BA9363 /* GITCategoryManager.h */,
				C0B4FDD11887024F00BA9363 /* GITCategoryManager.m */,
				C0B4FDE21892FE2000BA9363 /* GITTimeSlotManager.h */,
				C0B4FDE31892FE2000BA9363 /* GITTimeSlotManager.m */,
				C0DE536718CE153E004F14EF /* GITEKEventManager.h */,
				C0DE536818CE153E004F14EF /* GITEKEventManager.m */,
			);
			name = "Entity Managers";
			sourceTree = "<group>";
		};
		C068ADCC187DE76A00BDEAAF /* Utilities */ = {
			isa = PBXGroup;
			children = (
				C068ADCD187DE78100BDEAAF /* NSDate+Utilities.h */,
				C068ADCE187DE78100BDEAAF /* NSDate+Utilities.m */,
				C05EAC2C18BE4CDD00483B55 /* NSManagedObjectContext+FetchedObjectFromURI.h */,
				C05EAC2D18BE4CDD00483B55 /* NSManagedObjectContext+FetchedObjectFromURI.m */,
			);
			name = Utilities;
			sourceTree = "<group>";
		};
		C078C5D117BAF34B002396E4 = {
			isa = PBXGroup;
			children = (
				C078C5E517BAF34B002396E4 /* GetItDone */,
				C089C7E718B26DDC00B00D5D /* GetItDone Tests */,
				C078C5DC17BAF34B002396E4 /* Frameworks */,
				C078C5DB17BAF34B002396E4 /* Products */,
			);
			sourceTree = "<group>";
		};
		C078C5DB17BAF34B002396E4 /* Products */ = {
			isa = PBXGroup;
			children = (
				C078C5DA17BAF34B002396E4 /* GetItDone.app */,
				C089C7E218B26DDC00B00D5D /* GetItDone Tests.xctest */,
			);
			name = Products;
			sourceTree = "<group>";
		};
		C078C5DC17BAF34B002396E4 /* Frameworks */ = {
			isa = PBXGroup;
			children = (
				C00E77C818C4F69F00E5F8D9 /* EventKitUI.framework */,
				C00E77C618C4F69900E5F8D9 /* EventKit.framework */,
				C078C5DD17BAF34B002396E4 /* UIKit.framework */,
				C078C5DF17BAF34B002396E4 /* Foundation.framework */,
				C078C5E117BAF34B002396E4 /* CoreGraphics.framework */,
				C078C5E317BAF34B002396E4 /* CoreData.framework */,
				C078C60917BAF34C002396E4 /* SenTestingKit.framework */,
				C089C7E318B26DDC00B00D5D /* XCTest.framework */,
			);
			name = Frameworks;
			sourceTree = "<group>";
		};
		C078C5E517BAF34B002396E4 /* GetItDone */ = {
			isa = PBXGroup;
			children = (
				C089C81F18B656F400B00D5D /* Private Headers */,
				C068ADCC187DE76A00BDEAAF /* Utilities */,
				C08E2DC31800A47900749D8D /* Definitions */,
				C078C64717CE37EB002396E4 /* Database */,
				C078C63F17CE2ED0002396E4 /* Events */,
				C078C63E17CD27CE002396E4 /* App Delegate */,
				C078C63417CD2331002396E4 /* MyCalendarViews */,
				C078C62517CD22CB002396E4 /* TimesSquare */,
				C078C5E617BAF34B002396E4 /* Supporting Files */,
			);
			path = GetItDone;
			sourceTree = "<group>";
		};
		C078C5E617BAF34B002396E4 /* Supporting Files */ = {
			isa = PBXGroup;
			children = (
				C078C5E717BAF34B002396E4 /* GetItDone-Info.plist */,
				C078C5E817BAF34B002396E4 /* InfoPlist.strings */,
				C078C5EB17BAF34B002396E4 /* main.m */,
				C078C5ED17BAF34B002396E4 /* GetItDone-Prefix.pch */,
				C078C5F117BAF34B002396E4 /* Default.png */,
				C078C5F317BAF34B002396E4 /* Default@2x.png */,
				C078C5F517BAF34B002396E4 /* Default-568h@2x.png */,
			);
			name = "Supporting Files";
			sourceTree = "<group>";
		};
		C078C62517CD22CB002396E4 /* TimesSquare */ = {
			isa = PBXGroup;
			children = (
				C078C62617CD22CB002396E4 /* TimesSquare-Prefix.pch */,
				C078C62717CD22CB002396E4 /* TimesSquare.h */,
				C078C62817CD22CB002396E4 /* TSQCalendarCell.h */,
				C078C62917CD22CB002396E4 /* TSQCalendarCell.m */,
				C078C62A17CD22CB002396E4 /* TSQCalendarMonthHeaderCell.h */,
				C078C62B17CD22CB002396E4 /* TSQCalendarMonthHeaderCell.m */,
				C078C62C17CD22CB002396E4 /* TSQCalendarRowCell.h */,
				C078C62D17CD22CB002396E4 /* TSQCalendarRowCell.m */,
				C078C62E17CD22CB002396E4 /* TSQCalendarView.h */,
				C078C62F17CD22CB002396E4 /* TSQCalendarView.m */,
			);
			path = TimesSquare;
			sourceTree = "<group>";
		};
		C078C63417CD2331002396E4 /* MyCalendarViews */ = {
			isa = PBXGroup;
			children = (
				C078C63517CD2331002396E4 /* GITCalendarDayViewController.h */,
				C078C63617CD2331002396E4 /* GITCalendarDayViewController.m */,
				C078C63917CD2331002396E4 /* GITCalendarViewController.h */,
				C078C63A17CD2331002396E4 /* GITCalendarViewController.m */,
			);
			path = MyCalendarViews;
			sourceTree = "<group>";
		};
		C078C63E17CD27CE002396E4 /* App Delegate */ = {
			isa = PBXGroup;
			children = (
				C078C5EE17BAF34B002396E4 /* GITAppDelegate.h */,
				C078C5EF17BAF34B002396E4 /* GITAppDelegate.m */,
			);
			name = "App Delegate";
			sourceTree = "<group>";
		};
		C078C63F17CE2ED0002396E4 /* Events */ = {
			isa = PBXGroup;
			children = (
				C0A81947182C25E900A8BFD0 /* GITEventDetailsViewController.h */,
				C0A81948182C25E900A8BFD0 /* GITEventDetailsViewController.m */,
				C0A81941182C25BF00A8BFD0 /* Task */,
				C0DF52C11816CC05008BB7D0 /* Appointment */,
			);
			name = Events;
			sourceTree = "<group>";
		};
		C078C64717CE37EB002396E4 /* Database */ = {
			isa = PBXGroup;
			children = (
				C0B4FDCD1887019400BA9363 /* GITSetUpDatabase.h */,
				C0B4FDCE1887019400BA9363 /* GITSetUpDatabase.m */,
				C078C64917CEB574002396E4 /* GetItDone.xcdatamodeld */,
				C08E2DBD17F375CB00749D8D /* GITDatabaseHelper.h */,
				C08E2DBE17F375CB00749D8D /* GITDatabaseHelper.m */,
				C068ADCB187DE6E800BDEAAF /* Entity Managers */,
				C078C64817CE37F0002396E4 /* Model */,
			);
			name = Database;
			sourceTree = "<group>";
		};
		C078C64817CE37F0002396E4 /* Model */ = {
			isa = PBXGroup;
			children = (
				C09FED9118C786A300AFB0D2 /* GITCategory.h */,
				C09FED9218C786A300AFB0D2 /* GITCategory.m */,
				C09FED8E18C786A200AFB0D2 /* GITTask.h */,
				C09FED8F18C786A200AFB0D2 /* GITTask.m */,
				C09FED8B18C786A200AFB0D2 /* GITAppointment.h */,
				C09FED8C18C786A200AFB0D2 /* GITAppointment.m */,
				C09FED8818C786A200AFB0D2 /* GITTimeSlot.h */,
				C09FED8918C786A200AFB0D2 /* GITTimeSlot.m */,
				C09FED8518C786A200AFB0D2 /* GITEvent.h */,
				C09FED8618C786A200AFB0D2 /* GITEvent.m */,
			);
			name = Model;
			sourceTree = "<group>";
		};
		C089C7E718B26DDC00B00D5D /* GetItDone Tests */ = {
			isa = PBXGroup;
			children = (
				C089C7E818B26DDC00B00D5D /* Supporting Files */,
				C089C81D18B6529400B00D5D /* GITAppointmentManagerTests.m */,
				C089C82618B6884800B00D5D /* GITTaskManagerTests.m */,
				C089C82818B7B25700B00D5D /* GITCategoryManagerTests.m */,
				C089C82D18B7D63600B00D5D /* GITTimeSlotManagerTests.m */,
			);
			path = "GetItDone Tests";
			sourceTree = "<group>";
		};
		C089C7E818B26DDC00B00D5D /* Supporting Files */ = {
			isa = PBXGroup;
			children = (
				C089C7E918B26DDC00B00D5D /* GetItDone Tests-Info.plist */,
				C089C7EA18B26DDD00B00D5D /* InfoPlist.strings */,
				C089C7EF18B26DDD00B00D5D /* GetItDone Tests-Prefix.pch */,
			);
			name = "Supporting Files";
			sourceTree = "<group>";
		};
		C089C81F18B656F400B00D5D /* Private Headers */ = {
			isa = PBXGroup;
			children = (
				C089C82318B6582600B00D5D /* GITDatabaseHelper+Private.h */,
				C089C82F18B7E2B700B00D5D /* GITTimeSlotManager+Private.h */,
			);
			name = "Private Headers";
			sourceTree = "<group>";
		};
		C08E2DC31800A47900749D8D /* Definitions */ = {
			isa = PBXGroup;
			children = (
				C08E2DC01800A47100749D8D /* GITSegueDefinitions.h */,
				C0CC4E541803378000998788 /* GITProjectConstants.h */,
				C08E2DC41800CCF100749D8D /* MainStoryboard.storyboard */,
			);
			name = Definitions;
			sourceTree = "<group>";
		};
		C0A81941182C25BF00A8BFD0 /* Task */ = {
			isa = PBXGroup;
			children = (
				C0A81942182C25DB00A8BFD0 /* GITAddTaskViewController.h */,
				C0A81943182C25DB00A8BFD0 /* GITAddTaskViewController.m */,
				C0B4FDBE187EFE5E00BA9363 /* GITSmartSchedulingViewController.h */,
				C0B4FDBF187EFE5E00BA9363 /* GITSmartSchedulingViewController.m */,
				C0B4FDDC1888771A00BA9363 /* GITTimeSlotTableViewController.h */,
				C0B4FDDD1888771A00BA9363 /* GITTimeSlotTableViewController.m */,
				C0245222189956EC00E898BC /* GITCategoryViewController.h */,
				C0245223189956EC00E898BC /* GITCategoryViewController.m */,
				C0A0C5C9189DCF48008CB238 /* GITButtonCell.h */,
				C0A0C5CA189DCF48008CB238 /* GITButtonCell.m */,
				C089C7DB18A94B4200B00D5D /* GITManualTaskViewController.h */,
				C089C7DC18A94B4200B00D5D /* GITManualTaskViewController.m */,
			);
			name = Task;
			sourceTree = "<group>";
		};
		C0DF52C11816CC05008BB7D0 /* Appointment */ = {
			isa = PBXGroup;
			children = (
				C0DF52C21816CC46008BB7D0 /* GITAddAppointmentViewController.h */,
				C0DF52C31816CC46008BB7D0 /* GITAddAppointmentViewController.m */,
			);
			name = Appointment;
			sourceTree = "<group>";
		};
/* End PBXGroup section */

/* Begin PBXNativeTarget section */
		C078C5D917BAF34B002396E4 /* GetItDone */ = {
			isa = PBXNativeTarget;
			buildConfigurationList = C078C61B17BAF34C002396E4 /* Build configuration list for PBXNativeTarget "GetItDone" */;
			buildPhases = (
				C078C5D617BAF34B002396E4 /* Sources */,
				C078C5D717BAF34B002396E4 /* Frameworks */,
				C078C5D817BAF34B002396E4 /* Resources */,
			);
			buildRules = (
			);
			dependencies = (
			);
			name = GetItDone;
			productName = GetItDone;
			productReference = C078C5DA17BAF34B002396E4 /* GetItDone.app */;
			productType = "com.apple.product-type.application";
		};
		C089C7E118B26DDC00B00D5D /* GetItDone Tests */ = {
			isa = PBXNativeTarget;
			buildConfigurationList = C089C7F218B26DDD00B00D5D /* Build configuration list for PBXNativeTarget "GetItDone Tests" */;
			buildPhases = (
				C089C7DE18B26DDC00B00D5D /* Sources */,
				C089C7DF18B26DDC00B00D5D /* Frameworks */,
				C089C7E018B26DDC00B00D5D /* Resources */,
			);
			buildRules = (
			);
			dependencies = (
				C089C7F118B26DDD00B00D5D /* PBXTargetDependency */,
			);
			name = "GetItDone Tests";
			productName = "GetItDone Tests";
			productReference = C089C7E218B26DDC00B00D5D /* GetItDone Tests.xctest */;
			productType = "com.apple.product-type.bundle.unit-test";
		};
/* End PBXNativeTarget section */

/* Begin PBXProject section */
		C078C5D217BAF34B002396E4 /* Project object */ = {
			isa = PBXProject;
			attributes = {
				CLASSPREFIX = GIT;
				LastUpgradeCheck = 0500;
				ORGANIZATIONNAME = "Amanda Jones";
				TargetAttributes = {
					C089C7E118B26DDC00B00D5D = {
						TestTargetID = C078C5D917BAF34B002396E4;
					};
				};
			};
			buildConfigurationList = C078C5D517BAF34B002396E4 /* Build configuration list for PBXProject "GetItDone" */;
			compatibilityVersion = "Xcode 3.2";
			developmentRegion = English;
			hasScannedForEncodings = 0;
			knownRegions = (
				en,
			);
			mainGroup = C078C5D117BAF34B002396E4;
			productRefGroup = C078C5DB17BAF34B002396E4 /* Products */;
			projectDirPath = "";
			projectRoot = "";
			targets = (
				C078C5D917BAF34B002396E4 /* GetItDone */,
				C089C7E118B26DDC00B00D5D /* GetItDone Tests */,
			);
		};
/* End PBXProject section */

/* Begin PBXResourcesBuildPhase section */
		C078C5D817BAF34B002396E4 /* Resources */ = {
			isa = PBXResourcesBuildPhase;
			buildActionMask = 2147483647;
			files = (
				C078C5EA17BAF34B002396E4 /* InfoPlist.strings in Resources */,
				C078C5F217BAF34B002396E4 /* Default.png in Resources */,
				C078C5F417BAF34B002396E4 /* Default@2x.png in Resources */,
				C078C5F617BAF34B002396E4 /* Default-568h@2x.png in Resources */,
				C08E2DC61800CCF100749D8D /* MainStoryboard.storyboard in Resources */,
			);
			runOnlyForDeploymentPostprocessing = 0;
		};
		C089C7E018B26DDC00B00D5D /* Resources */ = {
			isa = PBXResourcesBuildPhase;
			buildActionMask = 2147483647;
			files = (
				C089C7EC18B26DDD00B00D5D /* InfoPlist.strings in Resources */,
			);
			runOnlyForDeploymentPostprocessing = 0;
		};
/* End PBXResourcesBuildPhase section */

/* Begin PBXSourcesBuildPhase section */
		C078C5D617BAF34B002396E4 /* Sources */ = {
			isa = PBXSourcesBuildPhase;
			buildActionMask = 2147483647;
			files = (
				C078C5EC17BAF34B002396E4 /* main.m in Sources */,
				C0245224189956EC00E898BC /* GITCategoryViewController.m in Sources */,
				C078C5F017BAF34B002396E4 /* GITAppDelegate.m in Sources */,
				C089C7DD18A94B4200B00D5D /* GITManualTaskViewController.m in Sources */,
				C078C63017CD22CB002396E4 /* TSQCalendarCell.m in Sources */,
				C078C63117CD22CB002396E4 /* TSQCalendarMonthHeaderCell.m in Sources */,
				C078C63217CD22CB002396E4 /* TSQCalendarRowCell.m in Sources */,
				C078C63317CD22CB002396E4 /* TSQCalendarView.m in Sources */,
				C0B4FDE41892FE2000BA9363 /* GITTimeSlotManager.m in Sources */,
				C0B4FDC9187F2B4B00BA9363 /* GITTaskManager.m in Sources */,
				C09FED8718C786A200AFB0D2 /* GITEvent.m in Sources */,
				C05EAC2E18BE4CDD00483B55 /* NSManagedObjectContext+FetchedObjectFromURI.m in Sources */,
				C078C63B17CD2331002396E4 /* GITCalendarDayViewController.m in Sources */,
				C0B4FDDE1888771A00BA9363 /* GITTimeSlotTableViewController.m in Sources */,
				C078C63D17CD2331002396E4 /* GITCalendarViewController.m in Sources */,
				C078C64B17CEB574002396E4 /* GetItDone.xcdatamodeld in Sources */,
				C0B4FDD21887025000BA9363 /* GITCategoryManager.m in Sources */,
				C0DE536918CE153E004F14EF /* GITEKEventManager.m in Sources */,
				C08E2DBF17F375CB00749D8D /* GITDatabaseHelper.m in Sources */,
				C068ADCF187DE78100BDEAAF /* NSDate+Utilities.m in Sources */,
				C0A0C5CB189DCF48008CB238 /* GITButtonCell.m in Sources */,
				C09FED8A18C786A200AFB0D2 /* GITTimeSlot.m in Sources */,
				C0DF52C61816CC46008BB7D0 /* GITAddAppointmentViewController.m in Sources */,
				C0B4FDC6187F068E00BA9363 /* GITAppointmentManager.m in Sources */,
				C09FED9318C786A300AFB0D2 /* GITCategory.m in Sources */,
				C0B4FDC0187EFE5E00BA9363 /* GITSmartSchedulingViewController.m in Sources */,
				C0B4FDCF1887019400BA9363 /* GITSetUpDatabase.m in Sources */,
				C0A81944182C25DB00A8BFD0 /* GITAddTaskViewController.m in Sources */,
				C09FED9018C786A200AFB0D2 /* GITTask.m in Sources */,
				C0A8194A182C25E900A8BFD0 /* GITEventDetailsViewController.m in Sources */,
				C09FED8D18C786A200AFB0D2 /* GITAppointment.m in Sources */,
			);
			runOnlyForDeploymentPostprocessing = 0;
		};
		C089C7DE18B26DDC00B00D5D /* Sources */ = {
			isa = PBXSourcesBuildPhase;
			buildActionMask = 2147483647;
			files = (
				C089C82918B7B25700B00D5D /* GITCategoryManagerTests.m in Sources */,
				C089C81E18B6529400B00D5D /* GITAppointmentManagerTests.m in Sources */,
				C089C82718B6884800B00D5D /* GITTaskManagerTests.m in Sources */,
				C089C82E18B7D63600B00D5D /* GITTimeSlotManagerTests.m in Sources */,
			);
			runOnlyForDeploymentPostprocessing = 0;
		};
/* End PBXSourcesBuildPhase section */

/* Begin PBXTargetDependency section */
		C089C7F118B26DDD00B00D5D /* PBXTargetDependency */ = {
			isa = PBXTargetDependency;
			target = C078C5D917BAF34B002396E4 /* GetItDone */;
			targetProxy = C089C7F018B26DDD00B00D5D /* PBXContainerItemProxy */;
		};
/* End PBXTargetDependency section */

/* Begin PBXVariantGroup section */
		C078C5E817BAF34B002396E4 /* InfoPlist.strings */ = {
			isa = PBXVariantGroup;
			children = (
				C078C5E917BAF34B002396E4 /* en */,
			);
			name = InfoPlist.strings;
			sourceTree = "<group>";
		};
		C089C7EA18B26DDD00B00D5D /* InfoPlist.strings */ = {
			isa = PBXVariantGroup;
			children = (
				C089C7EB18B26DDD00B00D5D /* en */,
			);
			name = InfoPlist.strings;
			sourceTree = "<group>";
		};
		C08E2DC41800CCF100749D8D /* MainStoryboard.storyboard */ = {
			isa = PBXVariantGroup;
			children = (
				C08E2DC51800CCF100749D8D /* en */,
			);
			name = MainStoryboard.storyboard;
			path = ..;
			sourceTree = "<group>";
		};
/* End PBXVariantGroup section */

/* Begin XCBuildConfiguration section */
		C078C61917BAF34C002396E4 /* Debug */ = {
			isa = XCBuildConfiguration;
			buildSettings = {
				ALWAYS_SEARCH_USER_PATHS = NO;
				CLANG_CXX_LANGUAGE_STANDARD = "gnu++0x";
				CLANG_CXX_LIBRARY = "libc++";
				CLANG_ENABLE_OBJC_ARC = YES;
				CLANG_WARN_CONSTANT_CONVERSION = YES;
				CLANG_WARN_EMPTY_BODY = YES;
				CLANG_WARN_ENUM_CONVERSION = YES;
				CLANG_WARN_INT_CONVERSION = YES;
				CLANG_WARN__DUPLICATE_METHOD_MATCH = YES;
				"CODE_SIGN_IDENTITY[sdk=iphoneos*]" = "iPhone Developer";
				COPY_PHASE_STRIP = NO;
				GCC_C_LANGUAGE_STANDARD = gnu99;
				GCC_DYNAMIC_NO_PIC = NO;
				GCC_OPTIMIZATION_LEVEL = 0;
				GCC_PREPROCESSOR_DEFINITIONS = (
					"DEBUG=1",
					"$(inherited)",
				);
				GCC_SYMBOLS_PRIVATE_EXTERN = NO;
				GCC_WARN_ABOUT_RETURN_TYPE = YES;
				GCC_WARN_UNINITIALIZED_AUTOS = YES;
				GCC_WARN_UNUSED_VARIABLE = YES;
				IPHONEOS_DEPLOYMENT_TARGET = 6.1;
				ONLY_ACTIVE_ARCH = YES;
				SDKROOT = iphoneos;
			};
			name = Debug;
		};
		C078C61A17BAF34C002396E4 /* Release */ = {
			isa = XCBuildConfiguration;
			buildSettings = {
				ALWAYS_SEARCH_USER_PATHS = NO;
				CLANG_CXX_LANGUAGE_STANDARD = "gnu++0x";
				CLANG_CXX_LIBRARY = "libc++";
				CLANG_ENABLE_OBJC_ARC = YES;
				CLANG_WARN_CONSTANT_CONVERSION = YES;
				CLANG_WARN_EMPTY_BODY = YES;
				CLANG_WARN_ENUM_CONVERSION = YES;
				CLANG_WARN_INT_CONVERSION = YES;
				CLANG_WARN__DUPLICATE_METHOD_MATCH = YES;
				"CODE_SIGN_IDENTITY[sdk=iphoneos*]" = "iPhone Developer";
				COPY_PHASE_STRIP = YES;
				GCC_C_LANGUAGE_STANDARD = gnu99;
				GCC_WARN_ABOUT_RETURN_TYPE = YES;
				GCC_WARN_UNINITIALIZED_AUTOS = YES;
				GCC_WARN_UNUSED_VARIABLE = YES;
				IPHONEOS_DEPLOYMENT_TARGET = 6.1;
				OTHER_CFLAGS = "-DNS_BLOCK_ASSERTIONS=1";
				SDKROOT = iphoneos;
				VALIDATE_PRODUCT = YES;
			};
			name = Release;
		};
		C078C61C17BAF34C002396E4 /* Debug */ = {
			isa = XCBuildConfiguration;
			buildSettings = {
				GCC_PRECOMPILE_PREFIX_HEADER = YES;
				GCC_PREFIX_HEADER = "GetItDone/GetItDone-Prefix.pch";
				INFOPLIST_FILE = "GetItDone/GetItDone-Info.plist";
				PRODUCT_NAME = "$(TARGET_NAME)";
				WRAPPER_EXTENSION = app;
			};
			name = Debug;
		};
		C078C61D17BAF34C002396E4 /* Release */ = {
			isa = XCBuildConfiguration;
			buildSettings = {
				GCC_PRECOMPILE_PREFIX_HEADER = YES;
				GCC_PREFIX_HEADER = "GetItDone/GetItDone-Prefix.pch";
				INFOPLIST_FILE = "GetItDone/GetItDone-Info.plist";
				PRODUCT_NAME = "$(TARGET_NAME)";
				WRAPPER_EXTENSION = app;
			};
			name = Release;
		};
		C089C7F318B26DDD00B00D5D /* Debug */ = {
			isa = XCBuildConfiguration;
			buildSettings = {
				BUNDLE_LOADER = "$(BUILT_PRODUCTS_DIR)/GetItDone.app/GetItDone";
				CLANG_ENABLE_MODULES = YES;
				CLANG_WARN_BOOL_CONVERSION = YES;
				CLANG_WARN_DIRECT_OBJC_ISA_USAGE = YES_ERROR;
				CLANG_WARN_OBJC_ROOT_CLASS = YES_ERROR;
				FRAMEWORK_SEARCH_PATHS = (
					"$(SDKROOT)/Developer/Library/Frameworks",
					"$(inherited)",
					"$(DEVELOPER_FRAMEWORKS_DIR)",
				);
				GCC_PRECOMPILE_PREFIX_HEADER = YES;
				GCC_PREFIX_HEADER = "GetItDone Tests/GetItDone Tests-Prefix.pch";
				GCC_PREPROCESSOR_DEFINITIONS = (
					"DEBUG=1",
					"$(inherited)",
				);
				GCC_WARN_64_TO_32_BIT_CONVERSION = YES;
				GCC_WARN_ABOUT_RETURN_TYPE = YES_ERROR;
				GCC_WARN_UNDECLARED_SELECTOR = YES;
				GCC_WARN_UNUSED_FUNCTION = YES;
				INFOPLIST_FILE = "GetItDone Tests/GetItDone Tests-Info.plist";
				IPHONEOS_DEPLOYMENT_TARGET = 7.0;
				PRODUCT_NAME = "$(TARGET_NAME)";
				TEST_HOST = "$(BUNDLE_LOADER)";
				WRAPPER_EXTENSION = xctest;
			};
			name = Debug;
		};
		C089C7F418B26DDD00B00D5D /* Release */ = {
			isa = XCBuildConfiguration;
			buildSettings = {
				BUNDLE_LOADER = "$(BUILT_PRODUCTS_DIR)/GetItDone.app/GetItDone";
				CLANG_ENABLE_MODULES = YES;
				CLANG_WARN_BOOL_CONVERSION = YES;
				CLANG_WARN_DIRECT_OBJC_ISA_USAGE = YES_ERROR;
				CLANG_WARN_OBJC_ROOT_CLASS = YES_ERROR;
				ENABLE_NS_ASSERTIONS = NO;
				FRAMEWORK_SEARCH_PATHS = (
					"$(SDKROOT)/Developer/Library/Frameworks",
					"$(inherited)",
					"$(DEVELOPER_FRAMEWORKS_DIR)",
				);
				GCC_PRECOMPILE_PREFIX_HEADER = YES;
				GCC_PREFIX_HEADER = "GetItDone Tests/GetItDone Tests-Prefix.pch";
				GCC_WARN_64_TO_32_BIT_CONVERSION = YES;
				GCC_WARN_ABOUT_RETURN_TYPE = YES_ERROR;
				GCC_WARN_UNDECLARED_SELECTOR = YES;
				GCC_WARN_UNUSED_FUNCTION = YES;
				INFOPLIST_FILE = "GetItDone Tests/GetItDone Tests-Info.plist";
				IPHONEOS_DEPLOYMENT_TARGET = 7.0;
				PRODUCT_NAME = "$(TARGET_NAME)";
				TEST_HOST = "$(BUNDLE_LOADER)";
				WRAPPER_EXTENSION = xctest;
			};
			name = Release;
		};
/* End XCBuildConfiguration section */

/* Begin XCConfigurationList section */
		C078C5D517BAF34B002396E4 /* Build configuration list for PBXProject "GetItDone" */ = {
			isa = XCConfigurationList;
			buildConfigurations = (
				C078C61917BAF34C002396E4 /* Debug */,
				C078C61A17BAF34C002396E4 /* Release */,
			);
			defaultConfigurationIsVisible = 0;
			defaultConfigurationName = Release;
		};
		C078C61B17BAF34C002396E4 /* Build configuration list for PBXNativeTarget "GetItDone" */ = {
			isa = XCConfigurationList;
			buildConfigurations = (
				C078C61C17BAF34C002396E4 /* Debug */,
				C078C61D17BAF34C002396E4 /* Release */,
			);
			defaultConfigurationIsVisible = 0;
			defaultConfigurationName = Release;
		};
		C089C7F218B26DDD00B00D5D /* Build configuration list for PBXNativeTarget "GetItDone Tests" */ = {
			isa = XCConfigurationList;
			buildConfigurations = (
				C089C7F318B26DDD00B00D5D /* Debug */,
				C089C7F418B26DDD00B00D5D /* Release */,
			);
			defaultConfigurationIsVisible = 0;
			defaultConfigurationName = Release;
		};
/* End XCConfigurationList section */

/* Begin XCVersionGroup section */
		C078C64917CEB574002396E4 /* GetItDone.xcdatamodeld */ = {
			isa = XCVersionGroup;
			children = (
				C078C64A17CEB574002396E4 /* GetItDone.xcdatamodel */,
			);
			currentVersion = C078C64A17CEB574002396E4 /* GetItDone.xcdatamodel */;
			path = GetItDone.xcdatamodeld;
			sourceTree = "<group>";
			versionGroupType = wrapper.xcdatamodel;
		};
/* End XCVersionGroup section */
	};
	rootObject = C078C5D217BAF34B002396E4 /* Project object */;
}
